
Microsoft Visual Studio Solution File, Format Version 12.00
# Visual Studio Version 16
VisualStudioVersion = 16.0.35425.106
MinimumVisualStudioVersion = 10.0.40219.1
Project("{FAE04EC0-301F-11D3-BF4B-00C04F79EFBC}") = "Calculator", "Calculator.csproj", "{4355DD86-4A48-4C36-8BE9-7E07CA86E08F}"
EndProject
Global
	GlobalSection(SolutionConfigurationPlatforms) = preSolution
		Debug|Any CPU = Debug|Any CPU
		Release|Any CPU = Release|Any CPU
	EndGlobalSection
	GlobalSection(ProjectConfigurationPlatforms) = postSolution
		{4355DD86-4A48-4C36-8BE9-7E07CA86E08F}.Debug|Any CPU.ActiveCfg = Debug|Any CPU
		{4355DD86-4A48-4C36-8BE9-7E07CA86E08F}.Debug|Any CPU.Build.0 = Debug|Any CPU
		{4355DD86-4A48-4C36-8BE9-7E07CA86E08F}.Release|Any CPU.ActiveCfg = Release|Any CPU
		{4355DD86-4A48-4C36-8BE9-7E07CA86E08F}.Release|Any CPU.Build.0 = Release|Any CPU
	EndGlobalSection
	GlobalSection(SolutionProperties) = preSolution
		HideSolutionNode = FALSE
	EndGlobalSection
	GlobalSection(ExtensibilityGlobals) = postSolution
		SolutionGuid = {D55819F1-8400-41B9-8A2B-FD2F613FBF7A}
	EndGlobalSection
EndGlobal
